# THIS IS AN AUTOGENERATED FILE. DO NOT EDIT THIS FILE DIRECTLY.
# yarn lockfile v1


jsqr@^1.1.1:
  version "1.1.1"
  resolved "http://registry.loopify.com:9696/jsqr/-/jsqr-1.1.1.tgz#a0d7f95e6c3b0bec913dfef2ca64a877f28ed05f"
  integrity sha512-FVoMU2ncTyjaOqN/vwvDnZ7jaAVvFzM3LK3vG3jvQZFWJQlAwJ1XTCOgAEKo+4Rkd6ydMXTTvqGV/4w5VunmTw==
